{
  "name": "reaktor-cloudflare",
  "version": "1.0.0",
  "lockfileVersion": 3,
  "requires": true,
  "packages": {
    "": {
      "name": "reaktor-cloudflare",
      "version": "1.0.0",
      "dependencies": {
        "reaktor-reaktor-cloudflare": "file://./export"
      },
      "devDependencies": {
        "karakum": "^1.0.0-alpha.78",
        "typescript": "^5.9.3"
      }
    },
    "export": {
      "name": "reaktor-reaktor-cloudflare",
      "version": "2026.3.7-SNAPSHOT",
      "dependencies": {
        "@js-joda/core": "3.2.0",
        "hono": "4.9.8"
      },
      "devDependencies": {
        "typescript": "5.9.2"
      }
    },
    "export/node_modules/typescript": {
      "version": "5.9.2",
      "resolved": "https://registry.npmjs.org/typescript/-/typescript-5.9.2.tgz",
      "integrity": "sha512-CWBzXQrc/qOkhidw1OzBTQuYRbfyxDXJMVJ1XNwUHGROVmuaeiEm3OslpZ1RV96d7SKKjZKrSJu3+t/xlw3R9A==",
      "dev": true,
      "license": "Apache-2.0",
      "bin": {
        "tsc": "bin/tsc",
        "tsserver": "bin/tsserver"
      },
      "engines": {
        "node": ">=14.17"
      }
    },
    "node_modules/@js-joda/core": {
      "version": "3.2.0",
      "resolved": "https://registry.npmjs.org/@js-joda/core/-/core-3.2.0.tgz",
      "integrity": "sha512-PMqgJ0sw5B7FKb2d5bWYIoxjri+QlW/Pys7+Rw82jSH0QN3rB05jZ/VrrsUdh1w4+i2kw9JOejXGq/KhDOX7Kg==",
      "license": "BSD-3-Clause"
    },
    "node_modules/hono": {
      "version": "4.9.8",
      "resolved": "https://registry.npmjs.org/hono/-/hono-4.9.8.tgz",
      "integrity": "sha512-JW8Bb4RFWD9iOKxg5PbUarBYGM99IcxFl2FPBo2gSJO11jjUDqlP1Bmfyqt8Z/dGhIQ63PMA9LdcLefXyIasyg==",
      "license": "MIT",
      "engines": {
        "node": ">=16.9.0"
      }
    },
    "node_modules/karakum": {
      "version": "1.0.0-alpha.103",
      "resolved": "https://registry.npmjs.org/karakum/-/karakum-1.0.0-alpha.103.tgz",
      "integrity": "sha512-cP1leteED1JHdMTLIuTM6Owc2eQHXAOnf4aGieu2WqBG8mnbbGTRQ9p7zNT/HxT6IfVAsz58Z5PvLYyQQh2kZg==",
      "dev": true,
      "license": "Apache-2.0",
      "bin": {
        "karakum": "kotlin/karakum-bin.mjs"
      },
      "peerDependencies": {
        "typescript": "^5.9.3"
      }
    },
    "node_modules/reaktor-reaktor-cloudflare": {
      "resolved": "export",
      "link": true
    },
    "node_modules/typescript": {
      "version": "5.9.3",
      "resolved": "https://registry.npmjs.org/typescript/-/typescript-5.9.3.tgz",
      "integrity": "sha512-jl1vZzPDinLr9eUt3J/t7V6FgNEw9QjvBPdysz9KfQDD41fQrC2Y4vKQdiaUpFT4bXlb1RHhLpp8wtm6M5TgSw==",
      "dev": true,
      "license": "Apache-2.0",
      "bin": {
        "tsc": "bin/tsc",
        "tsserver": "bin/tsserver"
      },
      "engines": {
        "node": ">=14.17"
      }
    }
  }
}
